
Microsoft Visual Studio Solution File, Format Version 12.00
# Visual Studio Version 16
VisualStudioVersion = 16.0.31129.286
MinimumVisualStudioVersion = 10.0.40219.1
Project("{FAE04EC0-301F-11D3-BF4B-00C04F79EFBC}") = "Create_Test", "Create_Test\Create_Test.csproj", "{A7EA09F4-8229-45C9-B5EF-C1FA6FF2F8E7}"
EndProject
Project("{FAE04EC0-301F-11D3-BF4B-00C04F79EFBC}") = "CreateNewTest", "CreateNewTest\CreateNewTest.csproj", "{55513826-1CBA-40D2-8829-AF4CF2272EE5}"
EndProject
Project("{FAE04EC0-301F-11D3-BF4B-00C04F79EFBC}") = "DAL_TestSystem", "DAL_TestSystem\DAL_TestSystem.csproj", "{C66FCE63-9697-49C9-ADAD-44C2C977BD9F}"
EndProject
Project("{FAE04EC0-301F-11D3-BF4B-00C04F79EFBC}") = "Repository", "Repository\Repository.csproj", "{571EE3CE-4F87-4B2A-A69B-0F7BFED68529}"
EndProject
Project("{FAE04EC0-301F-11D3-BF4B-00C04F79EFBC}") = "TestServer", "TestServer\TestServer.csproj", "{912B111F-D613-4C27-AB2A-07588849E4FD}"
EndProject
Project("{FAE04EC0-301F-11D3-BF4B-00C04F79EFBC}") = "Client", "Client\Client.csproj", "{3A592702-8D0A-48F9-9173-849585E02F82}"
EndProject
Global
	GlobalSection(SolutionConfigurationPlatforms) = preSolution
		Debug|Any CPU = Debug|Any CPU
		Release|Any CPU = Release|Any CPU
	EndGlobalSection
	GlobalSection(ProjectConfigurationPlatforms) = postSolution
		{A7EA09F4-8229-45C9-B5EF-C1FA6FF2F8E7}.Debug|Any CPU.ActiveCfg = Debug|Any CPU
		{A7EA09F4-8229-45C9-B5EF-C1FA6FF2F8E7}.Debug|Any CPU.Build.0 = Debug|Any CPU
		{A7EA09F4-8229-45C9-B5EF-C1FA6FF2F8E7}.Release|Any CPU.ActiveCfg = Release|Any CPU
		{A7EA09F4-8229-45C9-B5EF-C1FA6FF2F8E7}.Release|Any CPU.Build.0 = Release|Any CPU
		{55513826-1CBA-40D2-8829-AF4CF2272EE5}.Debug|Any CPU.ActiveCfg = Debug|Any CPU
		{55513826-1CBA-40D2-8829-AF4CF2272EE5}.Debug|Any CPU.Build.0 = Debug|Any CPU
		{55513826-1CBA-40D2-8829-AF4CF2272EE5}.Release|Any CPU.ActiveCfg = Release|Any CPU
		{55513826-1CBA-40D2-8829-AF4CF2272EE5}.Release|Any CPU.Build.0 = Release|Any CPU
		{C66FCE63-9697-49C9-ADAD-44C2C977BD9F}.Debug|Any CPU.ActiveCfg = Debug|Any CPU
		{C66FCE63-9697-49C9-ADAD-44C2C977BD9F}.Debug|Any CPU.Build.0 = Debug|Any CPU
		{C66FCE63-9697-49C9-ADAD-44C2C977BD9F}.Release|Any CPU.ActiveCfg = Release|Any CPU
		{C66FCE63-9697-49C9-ADAD-44C2C977BD9F}.Release|Any CPU.Build.0 = Release|Any CPU
		{571EE3CE-4F87-4B2A-A69B-0F7BFED68529}.Debug|Any CPU.ActiveCfg = Debug|Any CPU
		{571EE3CE-4F87-4B2A-A69B-0F7BFED68529}.Debug|Any CPU.Build.0 = Debug|Any CPU
		{571EE3CE-4F87-4B2A-A69B-0F7BFED68529}.Release|Any CPU.ActiveCfg = Release|Any CPU
		{571EE3CE-4F87-4B2A-A69B-0F7BFED68529}.Release|Any CPU.Build.0 = Release|Any CPU
		{912B111F-D613-4C27-AB2A-07588849E4FD}.Debug|Any CPU.ActiveCfg = Debug|Any CPU
		{912B111F-D613-4C27-AB2A-07588849E4FD}.Debug|Any CPU.Build.0 = Debug|Any CPU
		{912B111F-D613-4C27-AB2A-07588849E4FD}.Release|Any CPU.ActiveCfg = Release|Any CPU
		{912B111F-D613-4C27-AB2A-07588849E4FD}.Release|Any CPU.Build.0 = Release|Any CPU
		{3A592702-8D0A-48F9-9173-849585E02F82}.Debug|Any CPU.ActiveCfg = Debug|Any CPU
		{3A592702-8D0A-48F9-9173-849585E02F82}.Debug|Any CPU.Build.0 = Debug|Any CPU
		{3A592702-8D0A-48F9-9173-849585E02F82}.Release|Any CPU.ActiveCfg = Release|Any CPU
		{3A592702-8D0A-48F9-9173-849585E02F82}.Release|Any CPU.Build.0 = Release|Any CPU
	EndGlobalSection
	GlobalSection(SolutionProperties) = preSolution
		HideSolutionNode = FALSE
	EndGlobalSection
	GlobalSection(ExtensibilityGlobals) = postSolution
		SolutionGuid = {7BFA2770-1FA7-4B7B-B2E3-9D61F844A388}
	EndGlobalSection
EndGlobal
